
Microsoft Visual Studio Solution File, Format Version 12.00
# Visual Studio Version 17
VisualStudioVersion = 17.11.35431.28
MinimumVisualStudioVersion = 10.0.40219.1
Project("{9A19103F-16F7-4668-BE54-9A1E7A4F7556}") = "TNS_TOEICAdmin", "TNS_TOEICAdmin\TNS_TOEICAdmin.csproj", "{6C667092-2D08-43B9-96BD-E549EABC95C3}"
EndProject
Project("{9A19103F-16F7-4668-BE54-9A1E7A4F7556}") = "TNS_DBConnection", "..\TNS_Lib\TNS_DBConnection\TNS_DBConnection.csproj", "{8B6E181A-3565-49F2-B096-B10A73116486}"
EndProject
Project("{9A19103F-16F7-4668-BE54-9A1E7A4F7556}") = "TNS_TOEICPart1", "TNS_TOEICPart1\TNS_TOEICPart1.csproj", "{D89A4E60-4D9F-4B1F-9B2B-9EEB7C0A4E30}"
EndProject
Project("{9A19103F-16F7-4668-BE54-9A1E7A4F7556}") = "TNS_TOEICPart2", "TNS_TOEICPart2\TNS_TOEICPart2.csproj", "{A96B5812-822C-4886-8FD5-0CDF86B3B46B}"
EndProject
Project("{9A19103F-16F7-4668-BE54-9A1E7A4F7556}") = "TNS_TOEICPart3", "TNS_TOEICPart3\TNS_TOEICPart3.csproj", "{871D5095-F476-4D88-9C1E-B319D2E8279F}"
EndProject
Global
	GlobalSection(SolutionConfigurationPlatforms) = preSolution
		Debug|Any CPU = Debug|Any CPU
		Release|Any CPU = Release|Any CPU
	EndGlobalSection
	GlobalSection(ProjectConfigurationPlatforms) = postSolution
		{6C667092-2D08-43B9-96BD-E549EABC95C3}.Debug|Any CPU.ActiveCfg = Debug|Any CPU
		{6C667092-2D08-43B9-96BD-E549EABC95C3}.Debug|Any CPU.Build.0 = Debug|Any CPU
		{6C667092-2D08-43B9-96BD-E549EABC95C3}.Release|Any CPU.ActiveCfg = Release|Any CPU
		{6C667092-2D08-43B9-96BD-E549EABC95C3}.Release|Any CPU.Build.0 = Release|Any CPU
		{8B6E181A-3565-49F2-B096-B10A73116486}.Debug|Any CPU.ActiveCfg = Debug|Any CPU
		{8B6E181A-3565-49F2-B096-B10A73116486}.Debug|Any CPU.Build.0 = Debug|Any CPU
		{8B6E181A-3565-49F2-B096-B10A73116486}.Release|Any CPU.ActiveCfg = Release|Any CPU
		{8B6E181A-3565-49F2-B096-B10A73116486}.Release|Any CPU.Build.0 = Release|Any CPU
		{D89A4E60-4D9F-4B1F-9B2B-9EEB7C0A4E30}.Debug|Any CPU.ActiveCfg = Debug|Any CPU
		{D89A4E60-4D9F-4B1F-9B2B-9EEB7C0A4E30}.Debug|Any CPU.Build.0 = Debug|Any CPU
		{D89A4E60-4D9F-4B1F-9B2B-9EEB7C0A4E30}.Release|Any CPU.ActiveCfg = Release|Any CPU
		{D89A4E60-4D9F-4B1F-9B2B-9EEB7C0A4E30}.Release|Any CPU.Build.0 = Release|Any CPU
		{A96B5812-822C-4886-8FD5-0CDF86B3B46B}.Debug|Any CPU.ActiveCfg = Debug|Any CPU
		{A96B5812-822C-4886-8FD5-0CDF86B3B46B}.Debug|Any CPU.Build.0 = Debug|Any CPU
		{A96B5812-822C-4886-8FD5-0CDF86B3B46B}.Release|Any CPU.ActiveCfg = Release|Any CPU
		{A96B5812-822C-4886-8FD5-0CDF86B3B46B}.Release|Any CPU.Build.0 = Release|Any CPU
		{871D5095-F476-4D88-9C1E-B319D2E8279F}.Debug|Any CPU.ActiveCfg = Debug|Any CPU
		{871D5095-F476-4D88-9C1E-B319D2E8279F}.Debug|Any CPU.Build.0 = Debug|Any CPU
		{871D5095-F476-4D88-9C1E-B319D2E8279F}.Release|Any CPU.ActiveCfg = Release|Any CPU
		{871D5095-F476-4D88-9C1E-B319D2E8279F}.Release|Any CPU.Build.0 = Release|Any CPU
	EndGlobalSection
	GlobalSection(SolutionProperties) = preSolution
		HideSolutionNode = FALSE
	EndGlobalSection
	GlobalSection(ExtensibilityGlobals) = postSolution
		SolutionGuid = {67E13BAB-0549-4D7D-BDE9-9440FF888A18}
	EndGlobalSection
EndGlobal
